{
  "lockfileVersion": 1,
  "configVersion": 0,
  "workspaces": {
    "": {
      "devDependencies": {
        "react-test-renderer": "^19.1.0",
      },
    },
  },
  "packages": {
    "react": ["react@19.2.5", "", {}, "sha512-llUJLzz1zTUBrskt2pwZgLq59AemifIftw4aB7JxOqf1HY2FDaGDxgwpAPVzHU1kdWabH7FauP4i1oEeer2WCA=="],

    "react-is": ["react-is@19.2.5", "", {}, "sha512-Dn0t8IQhCmeIT3wu+Apm1/YVsJXsGWi6k4sPdnBIdqMVtHtv0IGi6dcpNpNkNac0zB2uUAqNX3MHzN8c+z2rwQ=="],

    "react-test-renderer": ["react-test-renderer@19.1.0", "", { "dependencies": { "react-is": "^19.1.0", "scheduler": "^0.26.0" }, "peerDependencies": { "react": "^19.1.0" } }, "sha512-jXkSl3CpvPYEF+p/eGDLB4sPoDX8pKkYvRl9+rR8HxLY0X04vW7hCm1/0zHoUSjPZ3bDa+wXWNTDVIw/R8aDVw=="],

    "scheduler": ["scheduler@0.26.0", "", {}, "sha512-NlHwttCI/l5gCPR3D1nNXtWABUmBwvZpEQiD4IXSbIDq8BzLIK/7Ir5gTFSGZDUu37K5cMNp0hFtzO38sC7gWA=="],
  }
}
